
Microsoft Visual Studio Solution File, Format Version 12.00
# Visual Studio Version 17
VisualStudioVersion = 17.9.34723.18
MinimumVisualStudioVersion = 10.0.40219.1
Project("{FAE04EC0-301F-11D3-BF4B-00C04F79EFBC}") = "start", "start.csproj", "{CC5EEA1F-D2F7-4CCD-9184-4F86D2C947BC}"
EndProject
Global
	GlobalSection(SolutionConfigurationPlatforms) = preSolution
		Debug|Any CPU = Debug|Any CPU
		Release|Any CPU = Release|Any CPU
	EndGlobalSection
	GlobalSection(ProjectConfigurationPlatforms) = postSolution
		{CC5EEA1F-D2F7-4CCD-9184-4F86D2C947BC}.Debug|Any CPU.ActiveCfg = Debug|Any CPU
		{CC5EEA1F-D2F7-4CCD-9184-4F86D2C947BC}.Debug|Any CPU.Build.0 = Debug|Any CPU
		{CC5EEA1F-D2F7-4CCD-9184-4F86D2C947BC}.Release|Any CPU.ActiveCfg = Release|Any CPU
		{CC5EEA1F-D2F7-4CCD-9184-4F86D2C947BC}.Release|Any CPU.Build.0 = Release|Any CPU
	EndGlobalSection
	GlobalSection(SolutionProperties) = preSolution
		HideSolutionNode = FALSE
	EndGlobalSection
	GlobalSection(ExtensibilityGlobals) = postSolution
		SolutionGuid = {BBA4763D-1A05-4CE9-9A70-C473D7E0EC18}
	EndGlobalSection
EndGlobal
